// !$*UTF8*$!
{
	archiveVersion = 1;
	classes = {
	};
	objectVersion = 46;
	objects = {

/* Begin PBXBuildFile section */
		E18BD28E1C80360100F0A645 /* shici.json in Resources */ = {isa = PBXBuildFile; fileRef = E18BD28D1C80360100F0A645 /* shici.json */; };
		E18BD2931C803AAA00F0A645 /* shici.plist in Resources */ = {isa = PBXBuildFile; fileRef = E18BD2921C803AAA00F0A645 /* shici.plist */; };
		E192D6AD1C84681900D55C40 /* c.png in Resources */ = {isa = PBXBuildFile; fileRef = E192D6AC1C84681900D55C40 /* c.png */; };
		E1A9D2A41C8517AA00156A5F /* image-1.png in Resources */ = {isa = PBXBuildFile; fileRef = E1A9D2A31C8517AA00156A5F /* image-1.png */; };
		E1A9D2A71C8517D600156A5F /* SQKButton.m in Sources */ = {isa = PBXBuildFile; fileRef = E1A9D2A61C8517D600156A5F /* SQKButton.m */; };
		E1B12EF41C7EFAD50044BF13 /* main.m in Sources */ = {isa = PBXBuildFile; fileRef = E1B12EF31C7EFAD50044BF13 /* main.m */; };
		E1B12EF71C7EFAD50044BF13 /* AppDelegate.m in Sources */ = {isa = PBXBuildFile; fileRef = E1B12EF61C7EFAD50044BF13 /* AppDelegate.m */; };
		E1B12EFA1C7EFAD50044BF13 /* ViewController.m in Sources */ = {isa = PBXBuildFile; fileRef = E1B12EF91C7EFAD50044BF13 /* ViewController.m */; };
		E1B12EFD1C7EFAD50044BF13 /* Main.storyboard in Resources */ = {isa = PBXBuildFile; fileRef = E1B12EFB1C7EFAD50044BF13 /* Main.storyboard */; };
		E1B12EFF1C7EFAD50044BF13 /* Assets.xcassets in Resources */ = {isa = PBXBuildFile; fileRef = E1B12EFE1C7EFAD50044BF13 /* Assets.xcassets */; };
		E1B12F021C7EFAD50044BF13 /* LaunchScreen.storyboard in Resources */ = {isa = PBXBuildFile; fileRef = E1B12F001C7EFAD50044BF13 /* LaunchScreen.storyboard */; };
		E1B12F0F1C7EFE200044BF13 /* Model.m in Sources */ = {isa = PBXBuildFile; fileRef = E1B12F0E1C7EFE200044BF13 /* Model.m */; };
		E1B12F151C7FEC300044BF13 /* 2.plist in Resources */ = {isa = PBXBuildFile; fileRef = E1B12F141C7FEC300044BF13 /* 2.plist */; };
		E1B234DB1C804701005048B5 /* apic15171_sc115.com.jpg in Resources */ = {isa = PBXBuildFile; fileRef = E1B234DA1C804701005048B5 /* apic15171_sc115.com.jpg */; };
		E1C8D7D51C8013F300A9DECD /* Untitled.png in Resources */ = {isa = PBXBuildFile; fileRef = E1C8D7D41C8013F300A9DECD /* Untitled.png */; };
		E1CB8B981C80820400E0D9D3 /* ToolsView.m in Sources */ = {isa = PBXBuildFile; fileRef = E1CB8B971C80820400E0D9D3 /* ToolsView.m */; };
		E1CB8B9E1C8085CC00E0D9D3 /* UIColor+Random.m in Sources */ = {isa = PBXBuildFile; fileRef = E1CB8B9C1C8085CC00E0D9D3 /* UIColor+Random.m */; };
		E1CB8BA11C80867800E0D9D3 /* UIView+Extension.m in Sources */ = {isa = PBXBuildFile; fileRef = E1CB8BA01C80867800E0D9D3 /* UIView+Extension.m */; };
/* End PBXBuildFile section */

/* Begin PBXFileReference section */
		E11D7F621C80210A008D5864 /* Hanzipen.ttc */ = {isa = PBXFileReference; lastKnownFileType = file; path = Hanzipen.ttc; sourceTree = "<group>"; };
		E18BD28D1C80360100F0A645 /* shici.json */ = {isa = PBXFileReference; fileEncoding = 4; lastKnownFileType = text.json; path = shici.json; sourceTree = "<group>"; };
		E18BD2911C803AA000F0A645 /* Directions.geojson */ = {isa = PBXFileReference; lastKnownFileType = text; path = Directions.geojson; sourceTree = "<group>"; };
		E18BD2921C803AAA00F0A645 /* shici.plist */ = {isa = PBXFileReference; fileEncoding = 4; lastKnownFileType = text.plist.xml; path = shici.plist; sourceTree = "<group>"; };
		E192D6AC1C84681900D55C40 /* c.png */ = {isa = PBXFileReference; lastKnownFileType = image.png; path = c.png; sourceTree = "<group>"; };
		E1A9D2A31C8517AA00156A5F /* image-1.png */ = {isa = PBXFileReference; lastKnownFileType = image.png; path = "image-1.png"; sourceTree = "<group>"; };
		E1A9D2A51C8517D600156A5F /* SQKButton.h */ = {isa = PBXFileReference; fileEncoding = 4; lastKnownFileType = sourcecode.c.h; path = SQKButton.h; sourceTree = "<group>"; };
		E1A9D2A61C8517D600156A5F /* SQKButton.m */ = {isa = PBXFileReference; fileEncoding = 4; lastKnownFileType = sourcecode.c.objc; path = SQKButton.m; sourceTree = "<group>"; };
		E1B12EEF1C7EFAD50044BF13 /* pmeo.app */ = {isa = PBXFileReference; explicitFileType = wrapper.application; includeInIndex = 0; path = pmeo.app; sourceTree = BUILT_PRODUCTS_DIR; };
		E1B12EF31C7EFAD50044BF13 /* main.m */ = {isa = PBXFileReference; lastKnownFileType = sourcecode.c.objc; path = main.m; sourceTree = "<group>"; };
		E1B12EF51C7EFAD50044BF13 /* AppDelegate.h */ = {isa = PBXFileReference; lastKnownFileType = sourcecode.c.h; path = AppDelegate.h; sourceTree = "<group>"; };
		E1B12EF61C7EFAD50044BF13 /* AppDelegate.m */ = {isa = PBXFileReference; lastKnownFileType = sourcecode.c.objc; path = AppDelegate.m; sourceTree = "<group>"; };
		E1B12EF81C7EFAD50044BF13 /* ViewController.h */ = {isa = PBXFileReference; lastKnownFileType = sourcecode.c.h; path = ViewController.h; sourceTree = "<group>"; };
		E1B12EF91C7EFAD50044BF13 /* ViewController.m */ = {isa = PBXFileReference; lastKnownFileType = sourcecode.c.objc; path = ViewController.m; sourceTree = "<group>"; };
		E1B12EFC1C7EFAD50044BF13 /* Base */ = {isa = PBXFileReference; lastKnownFileType = file.storyboard; name = Base; path = Base.lproj/Main.storyboard; sourceTree = "<group>"; };
		E1B12EFE1C7EFAD50044BF13 /* Assets.xcassets */ = {isa = PBXFileReference; lastKnownFileType = folder.assetcatalog; path = Assets.xcassets; sourceTree = "<group>"; };
		E1B12F011C7EFAD50044BF13 /* Base */ = {isa = PBXFileReference; lastKnownFileType = file.storyboard; name = Base; path = Base.lproj/LaunchScreen.storyboard; sourceTree = "<group>"; };
		E1B12F031C7EFAD50044BF13 /* Info.plist */ = {isa = PBXFileReference; lastKnownFileType = text.plist.xml; path = Info.plist; sourceTree = "<group>"; };
		E1B12F0D1C7EFE200044BF13 /* Model.h */ = {isa = PBXFileReference; fileEncoding = 4; lastKnownFileType = sourcecode.c.h; path = Model.h; sourceTree = "<group>"; };
		E1B12F0E1C7EFE200044BF13 /* Model.m */ = {isa = PBXFileReference; fileEncoding = 4; lastKnownFileType = sourcecode.c.objc; path = Model.m; sourceTree = "<group>"; };
		E1B12F141C7FEC300044BF13 /* 2.plist */ = {isa = PBXFileReference; fileEncoding = 4; lastKnownFileType = text.plist.xml; path = 2.plist; sourceTree = "<group>"; };
		E1B234DA1C804701005048B5 /* apic15171_sc115.com.jpg */ = {isa = PBXFileReference; lastKnownFileType = image.jpeg; path = apic15171_sc115.com.jpg; sourceTree = "<group>"; };
		E1C8D7D41C8013F300A9DECD /* Untitled.png */ = {isa = PBXFileReference; lastKnownFileType = image.png; path = Untitled.png; sourceTree = "<group>"; };
		E1CB8B961C80820400E0D9D3 /* ToolsView.h */ = {isa = PBXFileReference; fileEncoding = 4; lastKnownFileType = sourcecode.c.h; path = ToolsView.h; sourceTree = "<group>"; };
		E1CB8B971C80820400E0D9D3 /* ToolsView.m */ = {isa = PBXFileReference; fileEncoding = 4; lastKnownFileType = sourcecode.c.objc; path = ToolsView.m; sourceTree = "<group>"; };
		E1CB8B9C1C8085CC00E0D9D3 /* UIColor+Random.m */ = {isa = PBXFileReference; fileEncoding = 4; lastKnownFileType = sourcecode.c.objc; path = "UIColor+Random.m"; sourceTree = "<group>"; };
		E1CB8B9D1C8085CC00E0D9D3 /* UIColor+Random.h */ = {isa = PBXFileReference; fileEncoding = 4; lastKnownFileType = sourcecode.c.h; path = "UIColor+Random.h"; sourceTree = "<group>"; };
		E1CB8B9F1C80867800E0D9D3 /* UIView+Extension.h */ = {isa = PBXFileReference; fileEncoding = 4; lastKnownFileType = sourcecode.c.h; path = "UIView+Extension.h"; sourceTree = "<group>"; };
		E1CB8BA01C80867800E0D9D3 /* UIView+Extension.m */ = {isa = PBXFileReference; fileEncoding = 4; lastKnownFileType = sourcecode.c.objc; path = "UIView+Extension.m"; sourceTree = "<group>"; };
/* End PBXFileReference section */

/* Begin PBXFrameworksBuildPhase section */
		E1B12EEC1C7EFAD50044BF13 /* Frameworks */ = {
			isa = PBXFrameworksBuildPhase;
			buildActionMask = 2147483647;
			files = (
			);
			runOnlyForDeploymentPostprocessing = 0;
		};
/* End PBXFrameworksBuildPhase section */

/* Begin PBXGroup section */
		E1B12EE61C7EFAD50044BF13 = {
			isa = PBXGroup;
			children = (
				E1B12EF11C7EFAD50044BF13 /* pmeo */,
				E1C8D7D41C8013F300A9DECD /* Untitled.png */,
				E1B12EF01C7EFAD50044BF13 /* Products */,
			);
			sourceTree = "<group>";
		};
		E1B12EF01C7EFAD50044BF13 /* Products */ = {
			isa = PBXGroup;
			children = (
				E1B12EEF1C7EFAD50044BF13 /* pmeo.app */,
			);
			name = Products;
			sourceTree = "<group>";
		};
		E1B12EF11C7EFAD50044BF13 /* pmeo */ = {
			isa = PBXGroup;
			children = (
				E1B12EF81C7EFAD50044BF13 /* ViewController.h */,
				E1B12EF51C7EFAD50044BF13 /* AppDelegate.h */,
				E1B12EF61C7EFAD50044BF13 /* AppDelegate.m */,
				E1B12EF91C7EFAD50044BF13 /* ViewController.m */,
				E1B12F0D1C7EFE200044BF13 /* Model.h */,
				E1B12F0E1C7EFE200044BF13 /* Model.m */,
				E1CB8B961C80820400E0D9D3 /* ToolsView.h */,
				E1CB8B971C80820400E0D9D3 /* ToolsView.m */,
				E1B12EFB1C7EFAD50044BF13 /* Main.storyboard */,
				E1B12EFE1C7EFAD50044BF13 /* Assets.xcassets */,
				E1B12F001C7EFAD50044BF13 /* LaunchScreen.storyboard */,
				E1B234DA1C804701005048B5 /* apic15171_sc115.com.jpg */,
				E192D6AC1C84681900D55C40 /* c.png */,
				E1A9D2A31C8517AA00156A5F /* image-1.png */,
				E18BD28D1C80360100F0A645 /* shici.json */,
				E18BD2911C803AA000F0A645 /* Directions.geojson */,
				E18BD2921C803AAA00F0A645 /* shici.plist */,
				E1B12F141C7FEC300044BF13 /* 2.plist */,
				E1CB8B9F1C80867800E0D9D3 /* UIView+Extension.h */,
				E1CB8BA01C80867800E0D9D3 /* UIView+Extension.m */,
				E1CB8B9C1C8085CC00E0D9D3 /* UIColor+Random.m */,
				E1CB8B9D1C8085CC00E0D9D3 /* UIColor+Random.h */,
				E1A9D2A51C8517D600156A5F /* SQKButton.h */,
				E1A9D2A61C8517D600156A5F /* SQKButton.m */,
				E1B12F031C7EFAD50044BF13 /* Info.plist */,
				E1B12EF21C7EFAD50044BF13 /* Supporting Files */,
			);
			path = pmeo;
			sourceTree = "<group>";
		};
		E1B12EF21C7EFAD50044BF13 /* Supporting Files */ = {
			isa = PBXGroup;
			children = (
				E11D7F621C80210A008D5864 /* Hanzipen.ttc */,
				E1B12EF31C7EFAD50044BF13 /* main.m */,
			);
			name = "Supporting Files";
			sourceTree = "<group>";
		};
/* End PBXGroup section */

/* Begin PBXNativeTarget section */
		E1B12EEE1C7EFAD50044BF13 /* pmeo */ = {
			isa = PBXNativeTarget;
			buildConfigurationList = E1B12F061C7EFAD50044BF13 /* Build configuration list for PBXNativeTarget "pmeo" */;
			buildPhases = (
				E1B12EEB1C7EFAD50044BF13 /* Sources */,
				E1B12EEC1C7EFAD50044BF13 /* Frameworks */,
				E1B12EED1C7EFAD50044BF13 /* Resources */,
			);
			buildRules = (
			);
			dependencies = (
			);
			name = pmeo;
			productName = pmeo;
			productReference = E1B12EEF1C7EFAD50044BF13 /* pmeo.app */;
			productType = "com.apple.product-type.application";
		};
/* End PBXNativeTarget section */

/* Begin PBXProject section */
		E1B12EE71C7EFAD50044BF13 /* Project object */ = {
			isa = PBXProject;
			attributes = {
				LastUpgradeCheck = 0720;
				ORGANIZATIONNAME = qinakun;
				TargetAttributes = {
					E1B12EEE1C7EFAD50044BF13 = {
						CreatedOnToolsVersion = 7.2;
						DevelopmentTeam = 4978285S44;
					};
				};
			};
			buildConfigurationList = E1B12EEA1C7EFAD50044BF13 /* Build configuration list for PBXProject "pmeo" */;
			compatibilityVersion = "Xcode 3.2";
			developmentRegion = English;
			hasScannedForEncodings = 0;
			knownRegions = (
				en,
				Base,
			);
			mainGroup = E1B12EE61C7EFAD50044BF13;
			productRefGroup = E1B12EF01C7EFAD50044BF13 /* Products */;
			projectDirPath = "";
			projectRoot = "";
			targets = (
				E1B12EEE1C7EFAD50044BF13 /* pmeo */,
			);
		};
/* End PBXProject section */

/* Begin PBXResourcesBuildPhase section */
		E1B12EED1C7EFAD50044BF13 /* Resources */ = {
			isa = PBXResourcesBuildPhase;
			buildActionMask = 2147483647;
			files = (
				E1B234DB1C804701005048B5 /* apic15171_sc115.com.jpg in Resources */,
				E1B12F021C7EFAD50044BF13 /* LaunchScreen.storyboard in Resources */,
				E18BD28E1C80360100F0A645 /* shici.json in Resources */,
				E192D6AD1C84681900D55C40 /* c.png in Resources */,
				E18BD2931C803AAA00F0A645 /* shici.plist in Resources */,
				E1A9D2A41C8517AA00156A5F /* image-1.png in Resources */,
				E1B12F151C7FEC300044BF13 /* 2.plist in Resources */,
				E1C8D7D51C8013F300A9DECD /* Untitled.png in Resources */,
				E1B12EFF1C7EFAD50044BF13 /* Assets.xcassets in Resources */,
				E1B12EFD1C7EFAD50044BF13 /* Main.storyboard in Resources */,
			);
			runOnlyForDeploymentPostprocessing = 0;
		};
/* End PBXResourcesBuildPhase section */

/* Begin PBXSourcesBuildPhase section */
		E1B12EEB1C7EFAD50044BF13 /* Sources */ = {
			isa = PBXSourcesBuildPhase;
			buildActionMask = 2147483647;
			files = (
				E1CB8BA11C80867800E0D9D3 /* UIView+Extension.m in Sources */,
				E1A9D2A71C8517D600156A5F /* SQKButton.m in Sources */,
				E1CB8B981C80820400E0D9D3 /* ToolsView.m in Sources */,
				E1B12EFA1C7EFAD50044BF13 /* ViewController.m in Sources */,
				E1CB8B9E1C8085CC00E0D9D3 /* UIColor+Random.m in Sources */,
				E1B12EF71C7EFAD50044BF13 /* AppDelegate.m in Sources */,
				E1B12EF41C7EFAD50044BF13 /* main.m in Sources */,
				E1B12F0F1C7EFE200044BF13 /* Model.m in Sources */,
			);
			runOnlyForDeploymentPostprocessing = 0;
		};
/* End PBXSourcesBuildPhase section */

/* Begin PBXVariantGroup section */
		E1B12EFB1C7EFAD50044BF13 /* Main.storyboard */ = {
			isa = PBXVariantGroup;
			children = (
				E1B12EFC1C7EFAD50044BF13 /* Base */,
			);
			name = Main.storyboard;
			sourceTree = "<group>";
		};
		E1B12F001C7EFAD50044BF13 /* LaunchScreen.storyboard */ = {
			isa = PBXVariantGroup;
			children = (
				E1B12F011C7EFAD50044BF13 /* Base */,
			);
			name = LaunchScreen.storyboard;
			sourceTree = "<group>";
		};
/* End PBXVariantGroup section */

/* Begin XCBuildConfiguration section */
		E1B12F041C7EFAD50044BF13 /* Debug */ = {
			isa = XCBuildConfiguration;
			buildSettings = {
				ALWAYS_SEARCH_USER_PATHS = NO;
				CLANG_CXX_LANGUAGE_STANDARD = "gnu++0x";
				CLANG_CXX_LIBRARY = "libc++";
				CLANG_ENABLE_MODULES = YES;
				CLANG_ENABLE_OBJC_ARC = YES;
				CLANG_WARN_BOOL_CONVERSION = YES;
				CLANG_WARN_CONSTANT_CONVERSION = YES;
				CLANG_WARN_DIRECT_OBJC_ISA_USAGE = YES_ERROR;
				CLANG_WARN_EMPTY_BODY = YES;
				CLANG_WARN_ENUM_CONVERSION = YES;
				CLANG_WARN_INT_CONVERSION = YES;
				CLANG_WARN_OBJC_ROOT_CLASS = YES_ERROR;
				CLANG_WARN_UNREACHABLE_CODE = YES;
				CLANG_WARN__DUPLICATE_METHOD_MATCH = YES;
				"CODE_SIGN_IDENTITY[sdk=iphoneos*]" = "iPhone Developer";
				COPY_PHASE_STRIP = NO;
				DEBUG_INFORMATION_FORMAT = dwarf;
				ENABLE_STRICT_OBJC_MSGSEND = YES;
				ENABLE_TESTABILITY = YES;
				GCC_C_LANGUAGE_STANDARD = gnu99;
				GCC_DYNAMIC_NO_PIC = NO;
				GCC_NO_COMMON_BLOCKS = YES;
				GCC_OPTIMIZATION_LEVEL = 0;
				GCC_PREPROCESSOR_DEFINITIONS = (
					"DEBUG=1",
					"$(inherited)",
				);
				GCC_WARN_64_TO_32_BIT_CONVERSION = YES;
				GCC_WARN_ABOUT_RETURN_TYPE = YES_ERROR;
				GCC_WARN_UNDECLARED_SELECTOR = YES;
				GCC_WARN_UNINITIALIZED_AUTOS = YES_AGGRESSIVE;
				GCC_WARN_UNUSED_FUNCTION = YES;
				GCC_WARN_UNUSED_VARIABLE = YES;
				IPHONEOS_DEPLOYMENT_TARGET = 9.2;
				MTL_ENABLE_DEBUG_INFO = YES;
				ONLY_ACTIVE_ARCH = YES;
				SDKROOT = iphoneos;
			};
			name = Debug;
		};
		E1B12F051C7EFAD50044BF13 /* Release */ = {
			isa = XCBuildConfiguration;
			buildSettings = {
				ALWAYS_SEARCH_USER_PATHS = NO;
				CLANG_CXX_LANGUAGE_STANDARD = "gnu++0x";
				CLANG_CXX_LIBRARY = "libc++";
				CLANG_ENABLE_MODULES = YES;
				CLANG_ENABLE_OBJC_ARC = YES;
				CLANG_WARN_BOOL_CONVERSION = YES;
				CLANG_WARN_CONSTANT_CONVERSION = YES;
				CLANG_WARN_DIRECT_OBJC_ISA_USAGE = YES_ERROR;
				CLANG_WARN_EMPTY_BODY = YES;
				CLANG_WARN_ENUM_CONVERSION = YES;
				CLANG_WARN_INT_CONVERSION = YES;
				CLANG_WARN_OBJC_ROOT_CLASS = YES_ERROR;
				CLANG_WARN_UNREACHABLE_CODE = YES;
				CLANG_WARN__DUPLICATE_METHOD_MATCH = YES;
				"CODE_SIGN_IDENTITY[sdk=iphoneos*]" = "iPhone Developer";
				COPY_PHASE_STRIP = NO;
				DEBUG_INFORMATION_FORMAT = "dwarf-with-dsym";
				ENABLE_NS_ASSERTIONS = NO;
				ENABLE_STRICT_OBJC_MSGSEND = YES;
				GCC_C_LANGUAGE_STANDARD = gnu99;
				GCC_NO_COMMON_BLOCKS = YES;
				GCC_WARN_64_TO_32_BIT_CONVERSION = YES;
				GCC_WARN_ABOUT_RETURN_TYPE = YES_ERROR;
				GCC_WARN_UNDECLARED_SELECTOR = YES;
				GCC_WARN_UNINITIALIZED_AUTOS = YES_AGGRESSIVE;
				GCC_WARN_UNUSED_FUNCTION = YES;
				GCC_WARN_UNUSED_VARIABLE = YES;
				IPHONEOS_DEPLOYMENT_TARGET = 9.2;
				MTL_ENABLE_DEBUG_INFO = NO;
				SDKROOT = iphoneos;
				VALIDATE_PRODUCT = YES;
			};
			name = Release;
		};
		E1B12F071C7EFAD50044BF13 /* Debug */ = {
			isa = XCBuildConfiguration;
			buildSettings = {
				ASSETCATALOG_COMPILER_APPICON_NAME = AppIcon;
				INFOPLIST_FILE = pmeo/Info.plist;
				LD_RUNPATH_SEARCH_PATHS = "$(inherited) @executable_path/Frameworks";
				PRODUCT_BUNDLE_IDENTIFIER = com.qiankun.pmeo;
				PRODUCT_NAME = "$(TARGET_NAME)";
			};
			name = Debug;
		};
		E1B12F081C7EFAD50044BF13 /* Release */ = {
			isa = XCBuildConfiguration;
			buildSettings = {
				ASSETCATALOG_COMPILER_APPICON_NAME = AppIcon;
				INFOPLIST_FILE = pmeo/Info.plist;
				LD_RUNPATH_SEARCH_PATHS = "$(inherited) @executable_path/Frameworks";
				PRODUCT_BUNDLE_IDENTIFIER = com.qiankun.pmeo;
				PRODUCT_NAME = "$(TARGET_NAME)";
			};
			name = Release;
		};
/* End XCBuildConfiguration section */

/* Begin XCConfigurationList section */
		E1B12EEA1C7EFAD50044BF13 /* Build configuration list for PBXProject "pmeo" */ = {
			isa = XCConfigurationList;
			buildConfigurations = (
				E1B12F041C7EFAD50044BF13 /* Debug */,
				E1B12F051C7EFAD50044BF13 /* Release */,
			);
			defaultConfigurationIsVisible = 0;
			defaultConfigurationName = Release;
		};
		E1B12F061C7EFAD50044BF13 /* Build configuration list for PBXNativeTarget "pmeo" */ = {
			isa = XCConfigurationList;
			buildConfigurations = (
				E1B12F071C7EFAD50044BF13 /* Debug */,
				E1B12F081C7EFAD50044BF13 /* Release */,
			);
			defaultConfigurationIsVisible = 0;
			defaultConfigurationName = Release;
		};
/* End XCConfigurationList section */
	};
	rootObject = E1B12EE71C7EFAD50044BF13 /* Project object */;
}
